
Microsoft Visual Studio Solution File, Format Version 12.00
# Visual Studio 15
VisualStudioVersion = 15.0.28307.106
MinimumVisualStudioVersion = 10.0.40219.1
Project("{2150E333-8FDC-42A3-9474-1A3956D46DE8}") = "Sample", "Sample", "{E31AAA01-B855-4B98-A78C-50ECF7983148}"
EndProject
Project("{2150E333-8FDC-42A3-9474-1A3956D46DE8}") = "Core", "Core", "{6B27AAA5-63D8-417D-856C-F83E4558BE62}"
EndProject
Project("{9A19103F-16F7-4668-BE54-9A1E7A4F7556}") = "OddMud.Core.Interfaces", "Core\OddMud.Core.Game\OddMud.Core.Interfaces.csproj", "{FB153EF7-0CE9-4D7A-9960-F733B71E0F7F}"
EndProject
Project("{9A19103F-16F7-4668-BE54-9A1E7A4F7556}") = "OddMud.Core.Plugins", "Core\OddMud.Core.Plugins\OddMud.Core.Plugins.csproj", "{80967FB8-7AE7-4FC9-B4B1-D74AB8F6D4CE}"
EndProject
Project("{9A19103F-16F7-4668-BE54-9A1E7A4F7556}") = "OddMud.Transport.SignalR", "Core\OddMud.Transport.SignalR\OddMud.Transport.SignalR.csproj", "{A507CF0E-8D16-4D25-A4A7-EAE5548E560F}"
EndProject
Project("{9A19103F-16F7-4668-BE54-9A1E7A4F7556}") = "OddMud.SampleGamePlugins", "Plugins\OddMud.SampleGamePlugins\OddMud.SampleGamePlugins.csproj", "{98571E44-0D91-4E4C-B04F-AB31CB41D5F4}"
EndProject
Project("{9A19103F-16F7-4668-BE54-9A1E7A4F7556}") = "OddMud.BasicGame", "Sample\OddMud.BasicGame\OddMud.BasicGame.csproj", "{964E733F-895C-49CA-A077-9D80E0D47450}"
EndProject
Project("{9A19103F-16F7-4668-BE54-9A1E7A4F7556}") = "OddMud.Web", "Sample\Web\OddMud.Web.csproj", "{074B4041-8A66-4DEB-B779-C51C6B5F2269}"
EndProject
Project("{FAE04EC0-301F-11D3-BF4B-00C04F79EFBC}") = "OddMud.View.MudLike", "Core\OddMud.View.MudLike\OddMud.View.MudLike.csproj", "{A2A3F892-FA96-4B38-94AB-7FA8DCBC3B8A}"
EndProject
Project("{FAE04EC0-301F-11D3-BF4B-00C04F79EFBC}") = "OddMud.ViewBuilders.MudLikeHtml", "Core\OddMud.ViewBuilders.MudLikeHtml\OddMud.ViewBuilders.MudLikeHtml.csproj", "{C09BCF9D-3761-479C-9359-308BE74B45AF}"
EndProject
Global
	GlobalSection(SolutionConfigurationPlatforms) = preSolution
		Debug|Any CPU = Debug|Any CPU
		Release|Any CPU = Release|Any CPU
	EndGlobalSection
	GlobalSection(ProjectConfigurationPlatforms) = postSolution
		{FB153EF7-0CE9-4D7A-9960-F733B71E0F7F}.Debug|Any CPU.ActiveCfg = Debug|Any CPU
		{FB153EF7-0CE9-4D7A-9960-F733B71E0F7F}.Debug|Any CPU.Build.0 = Debug|Any CPU
		{FB153EF7-0CE9-4D7A-9960-F733B71E0F7F}.Release|Any CPU.ActiveCfg = Release|Any CPU
		{FB153EF7-0CE9-4D7A-9960-F733B71E0F7F}.Release|Any CPU.Build.0 = Release|Any CPU
		{80967FB8-7AE7-4FC9-B4B1-D74AB8F6D4CE}.Debug|Any CPU.ActiveCfg = Debug|Any CPU
		{80967FB8-7AE7-4FC9-B4B1-D74AB8F6D4CE}.Debug|Any CPU.Build.0 = Debug|Any CPU
		{80967FB8-7AE7-4FC9-B4B1-D74AB8F6D4CE}.Release|Any CPU.ActiveCfg = Release|Any CPU
		{80967FB8-7AE7-4FC9-B4B1-D74AB8F6D4CE}.Release|Any CPU.Build.0 = Release|Any CPU
		{A507CF0E-8D16-4D25-A4A7-EAE5548E560F}.Debug|Any CPU.ActiveCfg = Debug|Any CPU
		{A507CF0E-8D16-4D25-A4A7-EAE5548E560F}.Debug|Any CPU.Build.0 = Debug|Any CPU
		{A507CF0E-8D16-4D25-A4A7-EAE5548E560F}.Release|Any CPU.ActiveCfg = Release|Any CPU
		{A507CF0E-8D16-4D25-A4A7-EAE5548E560F}.Release|Any CPU.Build.0 = Release|Any CPU
		{98571E44-0D91-4E4C-B04F-AB31CB41D5F4}.Debug|Any CPU.ActiveCfg = Debug|Any CPU
		{98571E44-0D91-4E4C-B04F-AB31CB41D5F4}.Debug|Any CPU.Build.0 = Debug|Any CPU
		{98571E44-0D91-4E4C-B04F-AB31CB41D5F4}.Release|Any CPU.ActiveCfg = Release|Any CPU
		{98571E44-0D91-4E4C-B04F-AB31CB41D5F4}.Release|Any CPU.Build.0 = Release|Any CPU
		{964E733F-895C-49CA-A077-9D80E0D47450}.Debug|Any CPU.ActiveCfg = Debug|Any CPU
		{964E733F-895C-49CA-A077-9D80E0D47450}.Debug|Any CPU.Build.0 = Debug|Any CPU
		{964E733F-895C-49CA-A077-9D80E0D47450}.Release|Any CPU.ActiveCfg = Release|Any CPU
		{964E733F-895C-49CA-A077-9D80E0D47450}.Release|Any CPU.Build.0 = Release|Any CPU
		{074B4041-8A66-4DEB-B779-C51C6B5F2269}.Debug|Any CPU.ActiveCfg = Debug|Any CPU
		{074B4041-8A66-4DEB-B779-C51C6B5F2269}.Debug|Any CPU.Build.0 = Debug|Any CPU
		{074B4041-8A66-4DEB-B779-C51C6B5F2269}.Release|Any CPU.ActiveCfg = Release|Any CPU
		{074B4041-8A66-4DEB-B779-C51C6B5F2269}.Release|Any CPU.Build.0 = Release|Any CPU
		{A2A3F892-FA96-4B38-94AB-7FA8DCBC3B8A}.Debug|Any CPU.ActiveCfg = Debug|Any CPU
		{A2A3F892-FA96-4B38-94AB-7FA8DCBC3B8A}.Debug|Any CPU.Build.0 = Debug|Any CPU
		{A2A3F892-FA96-4B38-94AB-7FA8DCBC3B8A}.Release|Any CPU.ActiveCfg = Release|Any CPU
		{A2A3F892-FA96-4B38-94AB-7FA8DCBC3B8A}.Release|Any CPU.Build.0 = Release|Any CPU
		{C09BCF9D-3761-479C-9359-308BE74B45AF}.Debug|Any CPU.ActiveCfg = Debug|Any CPU
		{C09BCF9D-3761-479C-9359-308BE74B45AF}.Debug|Any CPU.Build.0 = Debug|Any CPU
		{C09BCF9D-3761-479C-9359-308BE74B45AF}.Release|Any CPU.ActiveCfg = Release|Any CPU
		{C09BCF9D-3761-479C-9359-308BE74B45AF}.Release|Any CPU.Build.0 = Release|Any CPU
	EndGlobalSection
	GlobalSection(SolutionProperties) = preSolution
		HideSolutionNode = FALSE
	EndGlobalSection
	GlobalSection(NestedProjects) = preSolution
		{FB153EF7-0CE9-4D7A-9960-F733B71E0F7F} = {6B27AAA5-63D8-417D-856C-F83E4558BE62}
		{80967FB8-7AE7-4FC9-B4B1-D74AB8F6D4CE} = {6B27AAA5-63D8-417D-856C-F83E4558BE62}
		{A507CF0E-8D16-4D25-A4A7-EAE5548E560F} = {6B27AAA5-63D8-417D-856C-F83E4558BE62}
		{98571E44-0D91-4E4C-B04F-AB31CB41D5F4} = {E31AAA01-B855-4B98-A78C-50ECF7983148}
		{964E733F-895C-49CA-A077-9D80E0D47450} = {E31AAA01-B855-4B98-A78C-50ECF7983148}
		{074B4041-8A66-4DEB-B779-C51C6B5F2269} = {E31AAA01-B855-4B98-A78C-50ECF7983148}
		{A2A3F892-FA96-4B38-94AB-7FA8DCBC3B8A} = {6B27AAA5-63D8-417D-856C-F83E4558BE62}
		{C09BCF9D-3761-479C-9359-308BE74B45AF} = {6B27AAA5-63D8-417D-856C-F83E4558BE62}
	EndGlobalSection
	GlobalSection(ExtensibilityGlobals) = postSolution
		SolutionGuid = {5963A913-1F3B-432D-A4A2-899A088CC9A2}
	EndGlobalSection
EndGlobal
