
Microsoft Visual Studio Solution File, Format Version 12.00
# Visual Studio 15
VisualStudioVersion = 15.0.28307.106
MinimumVisualStudioVersion = 10.0.40219.1
Project("{2150E333-8FDC-42A3-9474-1A3956D46DE8}") = "Sample", "Sample", "{E31AAA01-B855-4B98-A78C-50ECF7983148}"
EndProject
Project("{2150E333-8FDC-42A3-9474-1A3956D46DE8}") = "Core", "Core", "{6B27AAA5-63D8-417D-856C-F83E4558BE62}"
EndProject
Project("{9A19103F-16F7-4668-BE54-9A1E7A4F7556}") = "OddMud.Core.Plugins", "Core\OddMud.Core.Plugins\OddMud.Core.Plugins.csproj", "{80967FB8-7AE7-4FC9-B4B1-D74AB8F6D4CE}"
EndProject
Project("{9A19103F-16F7-4668-BE54-9A1E7A4F7556}") = "OddMud.Transport.SignalR", "Core\OddMud.Transport.SignalR\OddMud.Transport.SignalR.csproj", "{A507CF0E-8D16-4D25-A4A7-EAE5548E560F}"
EndProject
Project("{9A19103F-16F7-4668-BE54-9A1E7A4F7556}") = "OddMud.Web", "Sample\Web\OddMud.Web.csproj", "{074B4041-8A66-4DEB-B779-C51C6B5F2269}"
EndProject
Project("{9A19103F-16F7-4668-BE54-9A1E7A4F7556}") = "OddMud.View.MudLike", "Core\OddMud.View.MudLike\OddMud.View.MudLike.csproj", "{A2A3F892-FA96-4B38-94AB-7FA8DCBC3B8A}"
EndProject
Project("{9A19103F-16F7-4668-BE54-9A1E7A4F7556}") = "OddMud.ViewBuilders.MudLikeHtml", "Core\OddMud.ViewBuilders.MudLikeHtml\OddMud.ViewBuilders.MudLikeHtml.csproj", "{C09BCF9D-3761-479C-9359-308BE74B45AF}"
EndProject
Project("{9A19103F-16F7-4668-BE54-9A1E7A4F7556}") = "OddMud.Core.Interfaces", "Core\OddMud.Core.Interfaces\OddMud.Core.Interfaces.csproj", "{2A0BA9A2-CBC6-4F63-ABD0-8B26AE20AC1A}"
EndProject
Project("{9A19103F-16F7-4668-BE54-9A1E7A4F7556}") = "OddMud.Core.Game", "Core\OddMud.Core.Game\OddMud.Core.Game.csproj", "{94B4BB31-7104-4C0D-9485-E96B336665F9}"
EndProject
Project("{9A19103F-16F7-4668-BE54-9A1E7A4F7556}") = "OddMud.SampleGame", "Sample\OddMud.SampleGame\OddMud.SampleGame.csproj", "{26F2591F-B6CA-4241-A1E4-BE3A8EDBDA79}"
EndProject
Project("{9A19103F-16F7-4668-BE54-9A1E7A4F7556}") = "OddMud.SampleGamePlugins", "Sample\OddMud.SampleGamePlugins\OddMud.SampleGamePlugins.csproj", "{D06FE08E-7240-4993-B8E7-54530A254F60}"
EndProject
Global
	GlobalSection(SolutionConfigurationPlatforms) = preSolution
		Debug|Any CPU = Debug|Any CPU
		Release|Any CPU = Release|Any CPU
	EndGlobalSection
	GlobalSection(ProjectConfigurationPlatforms) = postSolution
		{80967FB8-7AE7-4FC9-B4B1-D74AB8F6D4CE}.Debug|Any CPU.ActiveCfg = Debug|Any CPU
		{80967FB8-7AE7-4FC9-B4B1-D74AB8F6D4CE}.Debug|Any CPU.Build.0 = Debug|Any CPU
		{80967FB8-7AE7-4FC9-B4B1-D74AB8F6D4CE}.Release|Any CPU.ActiveCfg = Release|Any CPU
		{80967FB8-7AE7-4FC9-B4B1-D74AB8F6D4CE}.Release|Any CPU.Build.0 = Release|Any CPU
		{A507CF0E-8D16-4D25-A4A7-EAE5548E560F}.Debug|Any CPU.ActiveCfg = Debug|Any CPU
		{A507CF0E-8D16-4D25-A4A7-EAE5548E560F}.Debug|Any CPU.Build.0 = Debug|Any CPU
		{A507CF0E-8D16-4D25-A4A7-EAE5548E560F}.Release|Any CPU.ActiveCfg = Release|Any CPU
		{A507CF0E-8D16-4D25-A4A7-EAE5548E560F}.Release|Any CPU.Build.0 = Release|Any CPU
		{074B4041-8A66-4DEB-B779-C51C6B5F2269}.Debug|Any CPU.ActiveCfg = Debug|Any CPU
		{074B4041-8A66-4DEB-B779-C51C6B5F2269}.Debug|Any CPU.Build.0 = Debug|Any CPU
		{074B4041-8A66-4DEB-B779-C51C6B5F2269}.Release|Any CPU.ActiveCfg = Release|Any CPU
		{074B4041-8A66-4DEB-B779-C51C6B5F2269}.Release|Any CPU.Build.0 = Release|Any CPU
		{A2A3F892-FA96-4B38-94AB-7FA8DCBC3B8A}.Debug|Any CPU.ActiveCfg = Debug|Any CPU
		{A2A3F892-FA96-4B38-94AB-7FA8DCBC3B8A}.Debug|Any CPU.Build.0 = Debug|Any CPU
		{A2A3F892-FA96-4B38-94AB-7FA8DCBC3B8A}.Release|Any CPU.ActiveCfg = Release|Any CPU
		{A2A3F892-FA96-4B38-94AB-7FA8DCBC3B8A}.Release|Any CPU.Build.0 = Release|Any CPU
		{C09BCF9D-3761-479C-9359-308BE74B45AF}.Debug|Any CPU.ActiveCfg = Debug|Any CPU
		{C09BCF9D-3761-479C-9359-308BE74B45AF}.Debug|Any CPU.Build.0 = Debug|Any CPU
		{C09BCF9D-3761-479C-9359-308BE74B45AF}.Release|Any CPU.ActiveCfg = Release|Any CPU
		{C09BCF9D-3761-479C-9359-308BE74B45AF}.Release|Any CPU.Build.0 = Release|Any CPU
		{2A0BA9A2-CBC6-4F63-ABD0-8B26AE20AC1A}.Debug|Any CPU.ActiveCfg = Debug|Any CPU
		{2A0BA9A2-CBC6-4F63-ABD0-8B26AE20AC1A}.Debug|Any CPU.Build.0 = Debug|Any CPU
		{2A0BA9A2-CBC6-4F63-ABD0-8B26AE20AC1A}.Release|Any CPU.ActiveCfg = Release|Any CPU
		{2A0BA9A2-CBC6-4F63-ABD0-8B26AE20AC1A}.Release|Any CPU.Build.0 = Release|Any CPU
		{94B4BB31-7104-4C0D-9485-E96B336665F9}.Debug|Any CPU.ActiveCfg = Debug|Any CPU
		{94B4BB31-7104-4C0D-9485-E96B336665F9}.Debug|Any CPU.Build.0 = Debug|Any CPU
		{94B4BB31-7104-4C0D-9485-E96B336665F9}.Release|Any CPU.ActiveCfg = Release|Any CPU
		{94B4BB31-7104-4C0D-9485-E96B336665F9}.Release|Any CPU.Build.0 = Release|Any CPU
		{26F2591F-B6CA-4241-A1E4-BE3A8EDBDA79}.Debug|Any CPU.ActiveCfg = Debug|Any CPU
		{26F2591F-B6CA-4241-A1E4-BE3A8EDBDA79}.Debug|Any CPU.Build.0 = Debug|Any CPU
		{26F2591F-B6CA-4241-A1E4-BE3A8EDBDA79}.Release|Any CPU.ActiveCfg = Release|Any CPU
		{26F2591F-B6CA-4241-A1E4-BE3A8EDBDA79}.Release|Any CPU.Build.0 = Release|Any CPU
		{D06FE08E-7240-4993-B8E7-54530A254F60}.Debug|Any CPU.ActiveCfg = Debug|Any CPU
		{D06FE08E-7240-4993-B8E7-54530A254F60}.Debug|Any CPU.Build.0 = Debug|Any CPU
		{D06FE08E-7240-4993-B8E7-54530A254F60}.Release|Any CPU.ActiveCfg = Release|Any CPU
		{D06FE08E-7240-4993-B8E7-54530A254F60}.Release|Any CPU.Build.0 = Release|Any CPU
	EndGlobalSection
	GlobalSection(SolutionProperties) = preSolution
		HideSolutionNode = FALSE
	EndGlobalSection
	GlobalSection(NestedProjects) = preSolution
		{80967FB8-7AE7-4FC9-B4B1-D74AB8F6D4CE} = {6B27AAA5-63D8-417D-856C-F83E4558BE62}
		{A507CF0E-8D16-4D25-A4A7-EAE5548E560F} = {6B27AAA5-63D8-417D-856C-F83E4558BE62}
		{074B4041-8A66-4DEB-B779-C51C6B5F2269} = {E31AAA01-B855-4B98-A78C-50ECF7983148}
		{A2A3F892-FA96-4B38-94AB-7FA8DCBC3B8A} = {6B27AAA5-63D8-417D-856C-F83E4558BE62}
		{C09BCF9D-3761-479C-9359-308BE74B45AF} = {6B27AAA5-63D8-417D-856C-F83E4558BE62}
		{2A0BA9A2-CBC6-4F63-ABD0-8B26AE20AC1A} = {6B27AAA5-63D8-417D-856C-F83E4558BE62}
		{94B4BB31-7104-4C0D-9485-E96B336665F9} = {6B27AAA5-63D8-417D-856C-F83E4558BE62}
		{26F2591F-B6CA-4241-A1E4-BE3A8EDBDA79} = {E31AAA01-B855-4B98-A78C-50ECF7983148}
		{D06FE08E-7240-4993-B8E7-54530A254F60} = {E31AAA01-B855-4B98-A78C-50ECF7983148}
	EndGlobalSection
	GlobalSection(ExtensibilityGlobals) = postSolution
		SolutionGuid = {5963A913-1F3B-432D-A4A2-899A088CC9A2}
	EndGlobalSection
EndGlobal
